
Microsoft Visual Studio Solution File, Format Version 12.00
# Visual Studio Version 16
VisualStudioVersion = 16.0.30309.148
MinimumVisualStudioVersion = 10.0.40219.1
Project("{FAE04EC0-301F-11D3-BF4B-00C04F79EFBC}") = "DemoDynamic", "DemoDynamic\DemoDynamic.csproj", "{EC5D1524-BD59-480E-9F9C-6304B71C89EB}"
EndProject
Global
	GlobalSection(SolutionConfigurationPlatforms) = preSolution
		Debug|Any CPU = Debug|Any CPU
		Release|Any CPU = Release|Any CPU
	EndGlobalSection
	GlobalSection(ProjectConfigurationPlatforms) = postSolution
		{EC5D1524-BD59-480E-9F9C-6304B71C89EB}.Debug|Any CPU.ActiveCfg = Debug|Any CPU
		{EC5D1524-BD59-480E-9F9C-6304B71C89EB}.Debug|Any CPU.Build.0 = Debug|Any CPU
		{EC5D1524-BD59-480E-9F9C-6304B71C89EB}.Release|Any CPU.ActiveCfg = Release|Any CPU
		{EC5D1524-BD59-480E-9F9C-6304B71C89EB}.Release|Any CPU.Build.0 = Release|Any CPU
	EndGlobalSection
	GlobalSection(SolutionProperties) = preSolution
		HideSolutionNode = FALSE
	EndGlobalSection
	GlobalSection(ExtensibilityGlobals) = postSolution
		SolutionGuid = {5DAC750F-C014-49F2-AC96-DAE0B5B1732E}
	EndGlobalSection
EndGlobal
