
Microsoft Visual Studio Solution File, Format Version 12.00
# Visual Studio Version 16
VisualStudioVersion = 16.0.30309.148
MinimumVisualStudioVersion = 10.0.40219.1
Project("{FAE04EC0-301F-11D3-BF4B-00C04F79EFBC}") = "DynamicCodeDemo", "DynamicCodeDemo\DynamicCodeDemo.csproj", "{5762FEEF-48B7-4F80-9CFA-A588D41F0EDC}"
EndProject
Global
	GlobalSection(SolutionConfigurationPlatforms) = preSolution
		Debug|Any CPU = Debug|Any CPU
		Release|Any CPU = Release|Any CPU
	EndGlobalSection
	GlobalSection(ProjectConfigurationPlatforms) = postSolution
		{5762FEEF-48B7-4F80-9CFA-A588D41F0EDC}.Debug|Any CPU.ActiveCfg = Debug|Any CPU
		{5762FEEF-48B7-4F80-9CFA-A588D41F0EDC}.Debug|Any CPU.Build.0 = Debug|Any CPU
		{5762FEEF-48B7-4F80-9CFA-A588D41F0EDC}.Release|Any CPU.ActiveCfg = Release|Any CPU
		{5762FEEF-48B7-4F80-9CFA-A588D41F0EDC}.Release|Any CPU.Build.0 = Release|Any CPU
	EndGlobalSection
	GlobalSection(SolutionProperties) = preSolution
		HideSolutionNode = FALSE
	EndGlobalSection
	GlobalSection(ExtensibilityGlobals) = postSolution
		SolutionGuid = {64DB7331-0FAE-49E5-BB9B-F2CD21D0B0E8}
	EndGlobalSection
EndGlobal
